// !$*UTF8*$!
{
	archiveVersion = 1;
	classes = {
	};
	objectVersion = 48;
	objects = {

/* Begin PBXBuildFile section */
		8389A49B230B953A005CA4FB /* main.swift in Sources */ = {isa = PBXBuildFile; fileRef = 8389A49A230B953A005CA4FB /* main.swift */; };
		8389A4D0230B9DB9005CA4FB /* arm.swift in Sources */ = {isa = PBXBuildFile; fileRef = 8389A4C1230B9DB7005CA4FB /* arm.swift */; };
		8389A4D1230B9DB9005CA4FB /* scythe.swift in Sources */ = {isa = PBXBuildFile; fileRef = 8389A4C2230B9DB7005CA4FB /* scythe.swift */; };
		8389A4D2230B9DB9005CA4FB /* enchantress.swift in Sources */ = {isa = PBXBuildFile; fileRef = 8389A4C3230B9DB7005CA4FB /* enchantress.swift */; };
		8389A4D3230B9DB9005CA4FB /* sword.swift in Sources */ = {isa = PBXBuildFile; fileRef = 8389A4C4230B9DB7005CA4FB /* sword.swift */; };
		8389A4D4230B9DB9005CA4FB /* ditcher.swift in Sources */ = {isa = PBXBuildFile; fileRef = 8389A4C5230B9DB7005CA4FB /* ditcher.swift */; };
		8389A4D5230B9DB9005CA4FB /* character.swift in Sources */ = {isa = PBXBuildFile; fileRef = 8389A4C6230B9DB7005CA4FB /* character.swift */; };
		8389A4D6230B9DB9005CA4FB /* warrior.swift in Sources */ = {isa = PBXBuildFile; fileRef = 8389A4C7230B9DB8005CA4FB /* warrior.swift */; };
		8389A4D7230B9DB9005CA4FB /* player.swift in Sources */ = {isa = PBXBuildFile; fileRef = 8389A4C8230B9DB8005CA4FB /* player.swift */; };
		8389A4DA230B9DB9005CA4FB /* philter.swift in Sources */ = {isa = PBXBuildFile; fileRef = 8389A4CB230B9DB8005CA4FB /* philter.swift */; };
		8389A4DB230B9DB9005CA4FB /* druid.swift in Sources */ = {isa = PBXBuildFile; fileRef = 8389A4CC230B9DB8005CA4FB /* druid.swift */; };
		8389A4DD230B9DB9005CA4FB /* potion.swift in Sources */ = {isa = PBXBuildFile; fileRef = 8389A4CE230B9DB8005CA4FB /* potion.swift */; };
		83F8A86F230C252300905D09 /* chest.swift in Sources */ = {isa = PBXBuildFile; fileRef = 83F8A86E230C252300905D09 /* chest.swift */; };
		83F8A871230C2B4E00905D09 /* gender.swift in Sources */ = {isa = PBXBuildFile; fileRef = 83F8A870230C2B4E00905D09 /* gender.swift */; };
		83F8A873230C45C000905D09 /* game.swift in Sources */ = {isa = PBXBuildFile; fileRef = 83F8A872230C45C000905D09 /* game.swift */; };
/* End PBXBuildFile section */

/* Begin PBXCopyFilesBuildPhase section */
		8389A495230B953A005CA4FB /* CopyFiles */ = {
			isa = PBXCopyFilesBuildPhase;
			buildActionMask = 2147483647;
			dstPath = /usr/share/man/man1/;
			dstSubfolderSpec = 0;
			files = (
			);
			runOnlyForDeploymentPostprocessing = 1;
		};
/* End PBXCopyFilesBuildPhase section */

/* Begin PBXFileReference section */
		8389A497230B953A005CA4FB /* TheBigEarthwork */ = {isa = PBXFileReference; explicitFileType = "compiled.mach-o.executable"; includeInIndex = 0; path = TheBigEarthwork; sourceTree = BUILT_PRODUCTS_DIR; };
		8389A49A230B953A005CA4FB /* main.swift */ = {isa = PBXFileReference; lastKnownFileType = sourcecode.swift; path = main.swift; sourceTree = "<group>"; };
		8389A4C1230B9DB7005CA4FB /* arm.swift */ = {isa = PBXFileReference; fileEncoding = 4; lastKnownFileType = sourcecode.swift; path = arm.swift; sourceTree = "<group>"; };
		8389A4C2230B9DB7005CA4FB /* scythe.swift */ = {isa = PBXFileReference; fileEncoding = 4; lastKnownFileType = sourcecode.swift; path = scythe.swift; sourceTree = "<group>"; };
		8389A4C3230B9DB7005CA4FB /* enchantress.swift */ = {isa = PBXFileReference; fileEncoding = 4; lastKnownFileType = sourcecode.swift; path = enchantress.swift; sourceTree = "<group>"; };
		8389A4C4230B9DB7005CA4FB /* sword.swift */ = {isa = PBXFileReference; fileEncoding = 4; lastKnownFileType = sourcecode.swift; path = sword.swift; sourceTree = "<group>"; };
		8389A4C5230B9DB7005CA4FB /* ditcher.swift */ = {isa = PBXFileReference; fileEncoding = 4; lastKnownFileType = sourcecode.swift; path = ditcher.swift; sourceTree = "<group>"; };
		8389A4C6230B9DB7005CA4FB /* character.swift */ = {isa = PBXFileReference; fileEncoding = 4; lastKnownFileType = sourcecode.swift; path = character.swift; sourceTree = "<group>"; };
		8389A4C7230B9DB8005CA4FB /* warrior.swift */ = {isa = PBXFileReference; fileEncoding = 4; lastKnownFileType = sourcecode.swift; path = warrior.swift; sourceTree = "<group>"; };
		8389A4C8230B9DB8005CA4FB /* player.swift */ = {isa = PBXFileReference; fileEncoding = 4; lastKnownFileType = sourcecode.swift; path = player.swift; sourceTree = "<group>"; };
		8389A4CB230B9DB8005CA4FB /* philter.swift */ = {isa = PBXFileReference; fileEncoding = 4; lastKnownFileType = sourcecode.swift; path = philter.swift; sourceTree = "<group>"; };
		8389A4CC230B9DB8005CA4FB /* druid.swift */ = {isa = PBXFileReference; fileEncoding = 4; lastKnownFileType = sourcecode.swift; path = druid.swift; sourceTree = "<group>"; };
		8389A4CE230B9DB8005CA4FB /* potion.swift */ = {isa = PBXFileReference; fileEncoding = 4; lastKnownFileType = sourcecode.swift; path = potion.swift; sourceTree = "<group>"; };
		83F8A86E230C252300905D09 /* chest.swift */ = {isa = PBXFileReference; lastKnownFileType = sourcecode.swift; path = chest.swift; sourceTree = "<group>"; };
		83F8A870230C2B4E00905D09 /* gender.swift */ = {isa = PBXFileReference; lastKnownFileType = sourcecode.swift; path = gender.swift; sourceTree = "<group>"; };
		83F8A872230C45C000905D09 /* game.swift */ = {isa = PBXFileReference; lastKnownFileType = sourcecode.swift; path = game.swift; sourceTree = "<group>"; };
/* End PBXFileReference section */

/* Begin PBXFrameworksBuildPhase section */
		8389A494230B953A005CA4FB /* Frameworks */ = {
			isa = PBXFrameworksBuildPhase;
			buildActionMask = 2147483647;
			files = (
			);
			runOnlyForDeploymentPostprocessing = 0;
		};
/* End PBXFrameworksBuildPhase section */

/* Begin PBXGroup section */
		8386A09D230EEEA600FA0688 /* Arm */ = {
			isa = PBXGroup;
			children = (
				8389A4C1230B9DB7005CA4FB /* arm.swift */,
				8389A4CB230B9DB8005CA4FB /* philter.swift */,
				8389A4CE230B9DB8005CA4FB /* potion.swift */,
				8389A4C4230B9DB7005CA4FB /* sword.swift */,
				8389A4C2230B9DB7005CA4FB /* scythe.swift */,
			);
			path = Arm;
			sourceTree = "<group>";
		};
		8389A48E230B953A005CA4FB = {
			isa = PBXGroup;
			children = (
				8389A499230B953A005CA4FB /* TheBigEarthwork */,
				8389A498230B953A005CA4FB /* Products */,
			);
			sourceTree = "<group>";
		};
		8389A498230B953A005CA4FB /* Products */ = {
			isa = PBXGroup;
			children = (
				8389A497230B953A005CA4FB /* TheBigEarthwork */,
			);
			name = Products;
			sourceTree = "<group>";
		};
		8389A499230B953A005CA4FB /* TheBigEarthwork */ = {
			isa = PBXGroup;
			children = (
				8389A49A230B953A005CA4FB /* main.swift */,
				8389A4C8230B9DB8005CA4FB /* player.swift */,
				83F8A872230C45C000905D09 /* game.swift */,
				83BF6575230F3E2900B859AA /* Character */,
				8386A09D230EEEA600FA0688 /* Arm */,
				83F8A86E230C252300905D09 /* chest.swift */,
			);
			path = TheBigEarthwork;
			sourceTree = "<group>";
		};
		83BF6575230F3E2900B859AA /* Character */ = {
			isa = PBXGroup;
			children = (
				8389A4C6230B9DB7005CA4FB /* character.swift */,
				83F8A870230C2B4E00905D09 /* gender.swift */,
				8389A4C3230B9DB7005CA4FB /* enchantress.swift */,
				8389A4CC230B9DB8005CA4FB /* druid.swift */,
				8389A4C7230B9DB8005CA4FB /* warrior.swift */,
				8389A4C5230B9DB7005CA4FB /* ditcher.swift */,
			);
			path = Character;
			sourceTree = "<group>";
		};
/* End PBXGroup section */

/* Begin PBXNativeTarget section */
		8389A496230B953A005CA4FB /* TheBigEarthwork */ = {
			isa = PBXNativeTarget;
			buildConfigurationList = 8389A49E230B953A005CA4FB /* Build configuration list for PBXNativeTarget "TheBigEarthwork" */;
			buildPhases = (
				8389A493230B953A005CA4FB /* Sources */,
				8389A494230B953A005CA4FB /* Frameworks */,
				8389A495230B953A005CA4FB /* CopyFiles */,
			);
			buildRules = (
			);
			dependencies = (
			);
			name = TheBigEarthwork;
			productName = TheBigEarthwork;
			productReference = 8389A497230B953A005CA4FB /* TheBigEarthwork */;
			productType = "com.apple.product-type.tool";
		};
/* End PBXNativeTarget section */

/* Begin PBXProject section */
		8389A48F230B953A005CA4FB /* Project object */ = {
			isa = PBXProject;
			attributes = {
				LastSwiftUpdateCheck = 0920;
				LastUpgradeCheck = 0920;
				ORGANIZATIONNAME = Goglow;
				TargetAttributes = {
					8389A496230B953A005CA4FB = {
						CreatedOnToolsVersion = 9.2;
						ProvisioningStyle = Automatic;
					};
				};
			};
			buildConfigurationList = 8389A492230B953A005CA4FB /* Build configuration list for PBXProject "TheBigEarthwork" */;
			compatibilityVersion = "Xcode 8.0";
			developmentRegion = en;
			hasScannedForEncodings = 0;
			knownRegions = (
				en,
			);
			mainGroup = 8389A48E230B953A005CA4FB;
			productRefGroup = 8389A498230B953A005CA4FB /* Products */;
			projectDirPath = "";
			projectRoot = "";
			targets = (
				8389A496230B953A005CA4FB /* TheBigEarthwork */,
			);
		};
/* End PBXProject section */

/* Begin PBXSourcesBuildPhase section */
		8389A493230B953A005CA4FB /* Sources */ = {
			isa = PBXSourcesBuildPhase;
			buildActionMask = 2147483647;
			files = (
				8389A4D0230B9DB9005CA4FB /* arm.swift in Sources */,
				83F8A86F230C252300905D09 /* chest.swift in Sources */,
				8389A4D5230B9DB9005CA4FB /* character.swift in Sources */,
				8389A4D4230B9DB9005CA4FB /* ditcher.swift in Sources */,
				8389A49B230B953A005CA4FB /* main.swift in Sources */,
				8389A4D7230B9DB9005CA4FB /* player.swift in Sources */,
				83F8A871230C2B4E00905D09 /* gender.swift in Sources */,
				8389A4DB230B9DB9005CA4FB /* druid.swift in Sources */,
				8389A4D2230B9DB9005CA4FB /* enchantress.swift in Sources */,
				8389A4D1230B9DB9005CA4FB /* scythe.swift in Sources */,
				8389A4DA230B9DB9005CA4FB /* philter.swift in Sources */,
				8389A4DD230B9DB9005CA4FB /* potion.swift in Sources */,
				8389A4D6230B9DB9005CA4FB /* warrior.swift in Sources */,
				8389A4D3230B9DB9005CA4FB /* sword.swift in Sources */,
				83F8A873230C45C000905D09 /* game.swift in Sources */,
			);
			runOnlyForDeploymentPostprocessing = 0;
		};
/* End PBXSourcesBuildPhase section */

/* Begin XCBuildConfiguration section */
		8389A49C230B953A005CA4FB /* Debug */ = {
			isa = XCBuildConfiguration;
			buildSettings = {
				ALWAYS_SEARCH_USER_PATHS = NO;
				CLANG_ANALYZER_NONNULL = YES;
				CLANG_ANALYZER_NUMBER_OBJECT_CONVERSION = YES_AGGRESSIVE;
				CLANG_CXX_LANGUAGE_STANDARD = "gnu++14";
				CLANG_CXX_LIBRARY = "libc++";
				CLANG_ENABLE_MODULES = YES;
				CLANG_ENABLE_OBJC_ARC = YES;
				CLANG_WARN_BLOCK_CAPTURE_AUTORELEASING = YES;
				CLANG_WARN_BOOL_CONVERSION = YES;
				CLANG_WARN_COMMA = YES;
				CLANG_WARN_CONSTANT_CONVERSION = YES;
				CLANG_WARN_DIRECT_OBJC_ISA_USAGE = YES_ERROR;
				CLANG_WARN_DOCUMENTATION_COMMENTS = YES;
				CLANG_WARN_EMPTY_BODY = YES;
				CLANG_WARN_ENUM_CONVERSION = YES;
				CLANG_WARN_INFINITE_RECURSION = YES;
				CLANG_WARN_INT_CONVERSION = YES;
				CLANG_WARN_NON_LITERAL_NULL_CONVERSION = YES;
				CLANG_WARN_OBJC_LITERAL_CONVERSION = YES;
				CLANG_WARN_OBJC_ROOT_CLASS = YES_ERROR;
				CLANG_WARN_RANGE_LOOP_ANALYSIS = YES;
				CLANG_WARN_STRICT_PROTOTYPES = YES;
				CLANG_WARN_SUSPICIOUS_MOVE = YES;
				CLANG_WARN_UNGUARDED_AVAILABILITY = YES_AGGRESSIVE;
				CLANG_WARN_UNREACHABLE_CODE = YES;
				CLANG_WARN__DUPLICATE_METHOD_MATCH = YES;
				CODE_SIGN_IDENTITY = "-";
				COPY_PHASE_STRIP = NO;
				DEBUG_INFORMATION_FORMAT = dwarf;
				ENABLE_STRICT_OBJC_MSGSEND = YES;
				ENABLE_TESTABILITY = YES;
				GCC_C_LANGUAGE_STANDARD = gnu11;
				GCC_DYNAMIC_NO_PIC = NO;
				GCC_NO_COMMON_BLOCKS = YES;
				GCC_OPTIMIZATION_LEVEL = 0;
				GCC_PREPROCESSOR_DEFINITIONS = (
					"DEBUG=1",
					"$(inherited)",
				);
				GCC_WARN_64_TO_32_BIT_CONVERSION = YES;
				GCC_WARN_ABOUT_RETURN_TYPE = YES_ERROR;
				GCC_WARN_UNDECLARED_SELECTOR = YES;
				GCC_WARN_UNINITIALIZED_AUTOS = YES_AGGRESSIVE;
				GCC_WARN_UNUSED_FUNCTION = YES;
				GCC_WARN_UNUSED_VARIABLE = YES;
				MACOSX_DEPLOYMENT_TARGET = 10.12;
				MTL_ENABLE_DEBUG_INFO = YES;
				ONLY_ACTIVE_ARCH = YES;
				SDKROOT = macosx;
				SWIFT_ACTIVE_COMPILATION_CONDITIONS = DEBUG;
				SWIFT_OPTIMIZATION_LEVEL = "-Onone";
			};
			name = Debug;
		};
		8389A49D230B953A005CA4FB /* Release */ = {
			isa = XCBuildConfiguration;
			buildSettings = {
				ALWAYS_SEARCH_USER_PATHS = NO;
				CLANG_ANALYZER_NONNULL = YES;
				CLANG_ANALYZER_NUMBER_OBJECT_CONVERSION = YES_AGGRESSIVE;
				CLANG_CXX_LANGUAGE_STANDARD = "gnu++14";
				CLANG_CXX_LIBRARY = "libc++";
				CLANG_ENABLE_MODULES = YES;
				CLANG_ENABLE_OBJC_ARC = YES;
				CLANG_WARN_BLOCK_CAPTURE_AUTORELEASING = YES;
				CLANG_WARN_BOOL_CONVERSION = YES;
				CLANG_WARN_COMMA = YES;
				CLANG_WARN_CONSTANT_CONVERSION = YES;
				CLANG_WARN_DIRECT_OBJC_ISA_USAGE = YES_ERROR;
				CLANG_WARN_DOCUMENTATION_COMMENTS = YES;
				CLANG_WARN_EMPTY_BODY = YES;
				CLANG_WARN_ENUM_CONVERSION = YES;
				CLANG_WARN_INFINITE_RECURSION = YES;
				CLANG_WARN_INT_CONVERSION = YES;
				CLANG_WARN_NON_LITERAL_NULL_CONVERSION = YES;
				CLANG_WARN_OBJC_LITERAL_CONVERSION = YES;
				CLANG_WARN_OBJC_ROOT_CLASS = YES_ERROR;
				CLANG_WARN_RANGE_LOOP_ANALYSIS = YES;
				CLANG_WARN_STRICT_PROTOTYPES = YES;
				CLANG_WARN_SUSPICIOUS_MOVE = YES;
				CLANG_WARN_UNGUARDED_AVAILABILITY = YES_AGGRESSIVE;
				CLANG_WARN_UNREACHABLE_CODE = YES;
				CLANG_WARN__DUPLICATE_METHOD_MATCH = YES;
				CODE_SIGN_IDENTITY = "-";
				COPY_PHASE_STRIP = NO;
				DEBUG_INFORMATION_FORMAT = "dwarf-with-dsym";
				ENABLE_NS_ASSERTIONS = NO;
				ENABLE_STRICT_OBJC_MSGSEND = YES;
				GCC_C_LANGUAGE_STANDARD = gnu11;
				GCC_NO_COMMON_BLOCKS = YES;
				GCC_WARN_64_TO_32_BIT_CONVERSION = YES;
				GCC_WARN_ABOUT_RETURN_TYPE = YES_ERROR;
				GCC_WARN_UNDECLARED_SELECTOR = YES;
				GCC_WARN_UNINITIALIZED_AUTOS = YES_AGGRESSIVE;
				GCC_WARN_UNUSED_FUNCTION = YES;
				GCC_WARN_UNUSED_VARIABLE = YES;
				MACOSX_DEPLOYMENT_TARGET = 10.12;
				MTL_ENABLE_DEBUG_INFO = NO;
				SDKROOT = macosx;
				SWIFT_OPTIMIZATION_LEVEL = "-Owholemodule";
			};
			name = Release;
		};
		8389A49F230B953A005CA4FB /* Debug */ = {
			isa = XCBuildConfiguration;
			buildSettings = {
				CODE_SIGN_STYLE = Automatic;
				PRODUCT_NAME = "$(TARGET_NAME)";
				SWIFT_VERSION = 4.0;
			};
			name = Debug;
		};
		8389A4A0230B953A005CA4FB /* Release */ = {
			isa = XCBuildConfiguration;
			buildSettings = {
				CODE_SIGN_STYLE = Automatic;
				PRODUCT_NAME = "$(TARGET_NAME)";
				SWIFT_VERSION = 4.0;
			};
			name = Release;
		};
/* End XCBuildConfiguration section */

/* Begin XCConfigurationList section */
		8389A492230B953A005CA4FB /* Build configuration list for PBXProject "TheBigEarthwork" */ = {
			isa = XCConfigurationList;
			buildConfigurations = (
				8389A49C230B953A005CA4FB /* Debug */,
				8389A49D230B953A005CA4FB /* Release */,
			);
			defaultConfigurationIsVisible = 0;
			defaultConfigurationName = Release;
		};
		8389A49E230B953A005CA4FB /* Build configuration list for PBXNativeTarget "TheBigEarthwork" */ = {
			isa = XCConfigurationList;
			buildConfigurations = (
				8389A49F230B953A005CA4FB /* Debug */,
				8389A4A0230B953A005CA4FB /* Release */,
			);
			defaultConfigurationIsVisible = 0;
			defaultConfigurationName = Release;
		};
/* End XCConfigurationList section */
	};
	rootObject = 8389A48F230B953A005CA4FB /* Project object */;
}
